// !$*UTF8*$!
{
	archiveVersion = 1;
	classes = {
	};
	objectVersion = 56;
	objects = {

/* Begin PBXBuildFile section */
		281E2FAD2A8F6FF700DEAAD8 /* CombineMoya in Frameworks */ = {isa = PBXBuildFile; productRef = 281E2FAC2A8F6FF700DEAAD8 /* CombineMoya */; };
		281E2FAF2A8F6FF700DEAAD8 /* Moya in Frameworks */ = {isa = PBXBuildFile; productRef = 281E2FAE2A8F6FF700DEAAD8 /* Moya */; };
		281E2FB12A8F6FF700DEAAD8 /* ReactiveMoya in Frameworks */ = {isa = PBXBuildFile; productRef = 281E2FB02A8F6FF700DEAAD8 /* ReactiveMoya */; };
		281E2FB32A8F6FF700DEAAD8 /* RxMoya in Frameworks */ = {isa = PBXBuildFile; productRef = 281E2FB22A8F6FF700DEAAD8 /* RxMoya */; };
		281E2FB62A8F74D600DEAAD8 /* QuintetAPI.swift in Sources */ = {isa = PBXBuildFile; fileRef = 281E2FB52A8F74D600DEAAD8 /* QuintetAPI.swift */; };
		281E2FBC2A925DD800DEAAD8 /* Response.swift in Sources */ = {isa = PBXBuildFile; fileRef = 281E2FBB2A925DD800DEAAD8 /* Response.swift */; };
		281E2FBE2A93731300DEAAD8 /* NetworkManager.swift in Sources */ = {isa = PBXBuildFile; fileRef = 281E2FBD2A93731300DEAAD8 /* NetworkManager.swift */; };
		2837E2322B61366800BEB53D /* BackButtonModifier.swift in Sources */ = {isa = PBXBuildFile; fileRef = 2837E2312B61366800BEB53D /* BackButtonModifier.swift */; };
		286E48A92A76DD6B00D109E9 /* CheckCellView.swift in Sources */ = {isa = PBXBuildFile; fileRef = 286E48A82A76DD6B00D109E9 /* CheckCellView.swift */; };
		286E48AB2A76DE1600D109E9 /* AddNoteCellView.swift in Sources */ = {isa = PBXBuildFile; fileRef = 286E48AA2A76DE1600D109E9 /* AddNoteCellView.swift */; };
		28997E7B2A73F00300ED676C /* CoreDataModel.xcdatamodeld in Sources */ = {isa = PBXBuildFile; fileRef = 28997E792A73F00300ED676C /* CoreDataModel.xcdatamodeld */; };
		28997E822A73F76A00ED676C /* CoreDataViewModel.swift in Sources */ = {isa = PBXBuildFile; fileRef = 28997E812A73F76A00ED676C /* CoreDataViewModel.swift */; };
		28C3644D2A5FD58E00847A88 /* Quintet_iOSApp.swift in Sources */ = {isa = PBXBuildFile; fileRef = 28C3644C2A5FD58E00847A88 /* Quintet_iOSApp.swift */; };
		28C364512A5FD58F00847A88 /* Assets.xcassets in Resources */ = {isa = PBXBuildFile; fileRef = 28C364502A5FD58F00847A88 /* Assets.xcassets */; };
		28C364542A5FD58F00847A88 /* Preview Assets.xcassets in Resources */ = {isa = PBXBuildFile; fileRef = 28C364532A5FD58F00847A88 /* Preview Assets.xcassets */; };
		28C3645B2A5FD5DB00847A88 /* HomeView.swift in Sources */ = {isa = PBXBuildFile; fileRef = 28C3645A2A5FD5DB00847A88 /* HomeView.swift */; };
		28C364632A5FD63600847A88 /* RecordView.swift in Sources */ = {isa = PBXBuildFile; fileRef = 28C3645F2A5FD63600847A88 /* RecordView.swift */; };
		28C364642A5FD63600847A88 /* StatisticsView.swift in Sources */ = {isa = PBXBuildFile; fileRef = 28C364602A5FD63600847A88 /* StatisticsView.swift */; };
		28C364652A5FD63600847A88 /* QuintetCheckView.swift in Sources */ = {isa = PBXBuildFile; fileRef = 28C364612A5FD63600847A88 /* QuintetCheckView.swift */; };
		28C364662A5FD63600847A88 /* MenuView.swift in Sources */ = {isa = PBXBuildFile; fileRef = 28C364622A5FD63600847A88 /* MenuView.swift */; };
		28E4F6B82B871678007F7C84 /* TermsView.swift in Sources */ = {isa = PBXBuildFile; fileRef = 28E4F6B72B871678007F7C84 /* TermsView.swift */; };
		28E4F6BB2B879170007F7C84 /* ProfileEditView.swift in Sources */ = {isa = PBXBuildFile; fileRef = 28E4F6BA2B879170007F7C84 /* ProfileEditView.swift */; };
		28E4F6BD2B87919B007F7C84 /* MailView.swift in Sources */ = {isa = PBXBuildFile; fileRef = 28E4F6BC2B87919B007F7C84 /* MailView.swift */; };
		28EBB7B22A7BF3750065AF45 /* QuintetPointPer.swift in Sources */ = {isa = PBXBuildFile; fileRef = 28EBB7B12A7BF3750065AF45 /* QuintetPointPer.swift */; };
		311198D72A74F8C900D92E91 /* DateManager.swift in Sources */ = {isa = PBXBuildFile; fileRef = 311198D62A74F8C900D92E91 /* DateManager.swift */; };
		31240B242B4046590020727B /* KeyChainManager.swift in Sources */ = {isa = PBXBuildFile; fileRef = 31240B232B4046590020727B /* KeyChainManager.swift */; };
		31240B262B4046870020727B /* KeyChainValue.swift in Sources */ = {isa = PBXBuildFile; fileRef = 31240B252B4046870020727B /* KeyChainValue.swift */; };
		31465BA02B403C0E00E2F197 /* OAuthAPI.swift in Sources */ = {isa = PBXBuildFile; fileRef = 31465B9F2B403C0E00E2F197 /* OAuthAPI.swift */; };
		31465BA12B403C0E00E2F197 /* OAuthResponse.swift in Sources */ = {isa = PBXBuildFile; fileRef = 31465B9E2B403C0E00E2F197 /* OAuthResponse.swift */; };
		31692C902A84A73100BC12EF /* HomeViewModel.swift in Sources */ = {isa = PBXBuildFile; fileRef = 31692C8F2A84A73100BC12EF /* HomeViewModel.swift */; };
		31BF652E2A7B7ECD0014EC90 /* LoginView.swift in Sources */ = {isa = PBXBuildFile; fileRef = 31BF652D2A7B7ECD0014EC90 /* LoginView.swift */; };
		31ECE9482B403AD6006F129A /* LoginViewModel.swift in Sources */ = {isa = PBXBuildFile; fileRef = 31ECE9472B403AD6006F129A /* LoginViewModel.swift */; };
		31ECE94B2B403B1B006F129A /* GoogleSignIn in Frameworks */ = {isa = PBXBuildFile; productRef = 31ECE94A2B403B1B006F129A /* GoogleSignIn */; };
		31ECE94D2B403B1B006F129A /* GoogleSignInSwift in Frameworks */ = {isa = PBXBuildFile; productRef = 31ECE94C2B403B1B006F129A /* GoogleSignInSwift */; };
		31F5BF8D2B4D6F1700449D4A /* HTTPHeaderFields.swift in Sources */ = {isa = PBXBuildFile; fileRef = 31F5BF8C2B4D6F1700449D4A /* HTTPHeaderFields.swift */; };
		31F5BF932B4D8E3000449D4A /* LoginManager.swift in Sources */ = {isa = PBXBuildFile; fileRef = 31F5BF922B4D8E3000449D4A /* LoginManager.swift */; };
		31F5BF972B4D9AD800449D4A /* KakaoSDK in Frameworks */ = {isa = PBXBuildFile; productRef = 31F5BF962B4D9AD800449D4A /* KakaoSDK */; };
		31F5BF992B4D9AD800449D4A /* KakaoSDKAuth in Frameworks */ = {isa = PBXBuildFile; productRef = 31F5BF982B4D9AD800449D4A /* KakaoSDKAuth */; };
		31F5BF9B2B4D9AD800449D4A /* KakaoSDKCert in Frameworks */ = {isa = PBXBuildFile; productRef = 31F5BF9A2B4D9AD800449D4A /* KakaoSDKCert */; };
		31F5BF9D2B4D9AD800449D4A /* KakaoSDKCertCore in Frameworks */ = {isa = PBXBuildFile; productRef = 31F5BF9C2B4D9AD800449D4A /* KakaoSDKCertCore */; };
		31F5BF9F2B4D9AD800449D4A /* KakaoSDKCommon in Frameworks */ = {isa = PBXBuildFile; productRef = 31F5BF9E2B4D9AD800449D4A /* KakaoSDKCommon */; };
		31FDB2062A84F7390091A899 /* DateProcessingModel.swift in Sources */ = {isa = PBXBuildFile; fileRef = 31FDB2052A84F7390091A899 /* DateProcessingModel.swift */; };
		4E2EB64C2AFE4A1600821A8F /* CalendarView.swift in Sources */ = {isa = PBXBuildFile; fileRef = 4E2EB64B2AFE4A1600821A8F /* CalendarView.swift */; };
		4E2EB6502AFE4DCC00821A8F /* ElementView.swift in Sources */ = {isa = PBXBuildFile; fileRef = 4E2EB64F2AFE4DCC00821A8F /* ElementView.swift */; };
		4EBBB1C72A84F25000D27B67 /* RecordViewStruct.swift in Sources */ = {isa = PBXBuildFile; fileRef = 4EBBB1C62A84F24F00D27B67 /* RecordViewStruct.swift */; };
		AA086E382A727B020025F8A7 /* DateViewModel.swift in Sources */ = {isa = PBXBuildFile; fileRef = AA086E372A727B020025F8A7 /* DateViewModel.swift */; };
		AA086E3C2A72E1C20025F8A7 /* StatisticsCellViewModel.swift in Sources */ = {isa = PBXBuildFile; fileRef = AA086E3B2A72E1C20025F8A7 /* StatisticsCellViewModel.swift */; };
		AA086E3E2A875F6E0025F8A7 /* PickerView.swift in Sources */ = {isa = PBXBuildFile; fileRef = AA086E3D2A875F6E0025F8A7 /* PickerView.swift */; };
		AAAAC9AF2B5564D70026C8D9 /* OnboardingPageView.swift in Sources */ = {isa = PBXBuildFile; fileRef = AAAAC9AE2B5564D70026C8D9 /* OnboardingPageView.swift */; };
		AAAAC9B12B5564EE0026C8D9 /* OnboardingTabView.swift in Sources */ = {isa = PBXBuildFile; fileRef = AAAAC9B02B5564EE0026C8D9 /* OnboardingTabView.swift */; };
		AAAAC9B32B5566200026C8D9 /* secret.plist in Resources */ = {isa = PBXBuildFile; fileRef = AAAAC9B22B5566200026C8D9 /* secret.plist */; };
		AAB5A23B2B0714EE002C6C2F /* StatisticsStruct.swift in Sources */ = {isa = PBXBuildFile; fileRef = AAB5A23A2B0714EE002C6C2F /* StatisticsStruct.swift */; };
		AAB5A23D2B0718CF002C6C2F /* QuintetAdvice.json in Resources */ = {isa = PBXBuildFile; fileRef = AAB5A23C2B0718CF002C6C2F /* QuintetAdvice.json */; };
		CF2F0E922B73BA9C000986EB /* secret.plist in Resources */ = {isa = PBXBuildFile; fileRef = CF2F0E912B73BA9C000986EB /* secret.plist */; };
		CFE359102B69F34E00410BAE /* RecordLoginViewModel.swift in Sources */ = {isa = PBXBuildFile; fileRef = CFE3590F2B69F34E00410BAE /* RecordLoginViewModel.swift */; };
/* End PBXBuildFile section */

/* Begin PBXFileReference section */
		281E2FB52A8F74D600DEAAD8 /* QuintetAPI.swift */ = {isa = PBXFileReference; lastKnownFileType = sourcecode.swift; path = QuintetAPI.swift; sourceTree = "<group>"; };
		281E2FBB2A925DD800DEAAD8 /* Response.swift */ = {isa = PBXFileReference; lastKnownFileType = sourcecode.swift; path = Response.swift; sourceTree = "<group>"; };
		281E2FBD2A93731300DEAAD8 /* NetworkManager.swift */ = {isa = PBXFileReference; lastKnownFileType = sourcecode.swift; path = NetworkManager.swift; sourceTree = "<group>"; };
		2837E2312B61366800BEB53D /* BackButtonModifier.swift */ = {isa = PBXFileReference; lastKnownFileType = sourcecode.swift; path = BackButtonModifier.swift; sourceTree = "<group>"; };
		286E48A82A76DD6B00D109E9 /* CheckCellView.swift */ = {isa = PBXFileReference; lastKnownFileType = sourcecode.swift; path = CheckCellView.swift; sourceTree = "<group>"; };
		286E48AA2A76DE1600D109E9 /* AddNoteCellView.swift */ = {isa = PBXFileReference; lastKnownFileType = sourcecode.swift; path = AddNoteCellView.swift; sourceTree = "<group>"; };
		28997E7A2A73F00300ED676C /* Model.xcdatamodel */ = {isa = PBXFileReference; lastKnownFileType = wrapper.xcdatamodel; path = Model.xcdatamodel; sourceTree = "<group>"; };
		28997E812A73F76A00ED676C /* CoreDataViewModel.swift */ = {isa = PBXFileReference; lastKnownFileType = sourcecode.swift; path = CoreDataViewModel.swift; sourceTree = "<group>"; };
		28C364492A5FD58E00847A88 /* Quintet-iOS.app */ = {isa = PBXFileReference; explicitFileType = wrapper.application; includeInIndex = 0; path = "Quintet-iOS.app"; sourceTree = BUILT_PRODUCTS_DIR; };
		28C3644C2A5FD58E00847A88 /* Quintet_iOSApp.swift */ = {isa = PBXFileReference; lastKnownFileType = sourcecode.swift; path = Quintet_iOSApp.swift; sourceTree = "<group>"; };
		28C364502A5FD58F00847A88 /* Assets.xcassets */ = {isa = PBXFileReference; lastKnownFileType = folder.assetcatalog; path = Assets.xcassets; sourceTree = "<group>"; };
		28C364532A5FD58F00847A88 /* Preview Assets.xcassets */ = {isa = PBXFileReference; lastKnownFileType = folder.assetcatalog; path = "Preview Assets.xcassets"; sourceTree = "<group>"; };
		28C3645A2A5FD5DB00847A88 /* HomeView.swift */ = {isa = PBXFileReference; fileEncoding = 4; lastKnownFileType = sourcecode.swift; path = HomeView.swift; sourceTree = "<group>"; };
		28C3645F2A5FD63600847A88 /* RecordView.swift */ = {isa = PBXFileReference; fileEncoding = 4; lastKnownFileType = sourcecode.swift; path = RecordView.swift; sourceTree = "<group>"; };
		28C364602A5FD63600847A88 /* StatisticsView.swift */ = {isa = PBXFileReference; fileEncoding = 4; lastKnownFileType = sourcecode.swift; path = StatisticsView.swift; sourceTree = "<group>"; };
		28C364612A5FD63600847A88 /* QuintetCheckView.swift */ = {isa = PBXFileReference; fileEncoding = 4; lastKnownFileType = sourcecode.swift; path = QuintetCheckView.swift; sourceTree = "<group>"; };
		28C364622A5FD63600847A88 /* MenuView.swift */ = {isa = PBXFileReference; fileEncoding = 4; lastKnownFileType = sourcecode.swift; path = MenuView.swift; sourceTree = "<group>"; };
		28E4F6B72B871678007F7C84 /* TermsView.swift */ = {isa = PBXFileReference; lastKnownFileType = sourcecode.swift; path = TermsView.swift; sourceTree = "<group>"; };
		28E4F6BA2B879170007F7C84 /* ProfileEditView.swift */ = {isa = PBXFileReference; lastKnownFileType = sourcecode.swift; path = ProfileEditView.swift; sourceTree = "<group>"; };
		28E4F6BC2B87919B007F7C84 /* MailView.swift */ = {isa = PBXFileReference; lastKnownFileType = sourcecode.swift; path = MailView.swift; sourceTree = "<group>"; };
		28EBB7B12A7BF3750065AF45 /* QuintetPointPer.swift */ = {isa = PBXFileReference; lastKnownFileType = sourcecode.swift; path = QuintetPointPer.swift; sourceTree = "<group>"; };
		311198D62A74F8C900D92E91 /* DateManager.swift */ = {isa = PBXFileReference; lastKnownFileType = sourcecode.swift; path = DateManager.swift; sourceTree = "<group>"; };
		31240B232B4046590020727B /* KeyChainManager.swift */ = {isa = PBXFileReference; lastKnownFileType = sourcecode.swift; path = KeyChainManager.swift; sourceTree = "<group>"; };
		31240B252B4046870020727B /* KeyChainValue.swift */ = {isa = PBXFileReference; lastKnownFileType = sourcecode.swift; path = KeyChainValue.swift; sourceTree = "<group>"; };
		31240B272B4057580020727B /* Quintet-iOS.entitlements */ = {isa = PBXFileReference; lastKnownFileType = text.plist.entitlements; path = "Quintet-iOS.entitlements"; sourceTree = "<group>"; };
		31465B9E2B403C0E00E2F197 /* OAuthResponse.swift */ = {isa = PBXFileReference; lastKnownFileType = sourcecode.swift; path = OAuthResponse.swift; sourceTree = "<group>"; };
		31465B9F2B403C0E00E2F197 /* OAuthAPI.swift */ = {isa = PBXFileReference; lastKnownFileType = sourcecode.swift; path = OAuthAPI.swift; sourceTree = "<group>"; };
		31692C8F2A84A73100BC12EF /* HomeViewModel.swift */ = {isa = PBXFileReference; lastKnownFileType = sourcecode.swift; path = HomeViewModel.swift; sourceTree = "<group>"; };
		31BF652D2A7B7ECD0014EC90 /* LoginView.swift */ = {isa = PBXFileReference; lastKnownFileType = sourcecode.swift; path = LoginView.swift; sourceTree = "<group>"; };
		31ECE9472B403AD6006F129A /* LoginViewModel.swift */ = {isa = PBXFileReference; lastKnownFileType = sourcecode.swift; path = LoginViewModel.swift; sourceTree = "<group>"; };
		31F5BF8C2B4D6F1700449D4A /* HTTPHeaderFields.swift */ = {isa = PBXFileReference; lastKnownFileType = sourcecode.swift; path = HTTPHeaderFields.swift; sourceTree = "<group>"; };
		31F5BF922B4D8E3000449D4A /* LoginManager.swift */ = {isa = PBXFileReference; lastKnownFileType = sourcecode.swift; path = LoginManager.swift; sourceTree = "<group>"; };
		31FDB2052A84F7390091A899 /* DateProcessingModel.swift */ = {isa = PBXFileReference; lastKnownFileType = sourcecode.swift; path = DateProcessingModel.swift; sourceTree = "<group>"; };
		4E2EB64B2AFE4A1600821A8F /* CalendarView.swift */ = {isa = PBXFileReference; lastKnownFileType = sourcecode.swift; path = CalendarView.swift; sourceTree = "<group>"; };
		4E2EB64F2AFE4DCC00821A8F /* ElementView.swift */ = {isa = PBXFileReference; lastKnownFileType = sourcecode.swift; path = ElementView.swift; sourceTree = "<group>"; };
		4EBBB1C62A84F24F00D27B67 /* RecordViewStruct.swift */ = {isa = PBXFileReference; lastKnownFileType = sourcecode.swift; path = RecordViewStruct.swift; sourceTree = "<group>"; };
		AA086E372A727B020025F8A7 /* DateViewModel.swift */ = {isa = PBXFileReference; lastKnownFileType = sourcecode.swift; path = DateViewModel.swift; sourceTree = "<group>"; };
		AA086E3B2A72E1C20025F8A7 /* StatisticsCellViewModel.swift */ = {isa = PBXFileReference; lastKnownFileType = sourcecode.swift; path = StatisticsCellViewModel.swift; sourceTree = "<group>"; };
		AA086E3D2A875F6E0025F8A7 /* PickerView.swift */ = {isa = PBXFileReference; lastKnownFileType = sourcecode.swift; path = PickerView.swift; sourceTree = "<group>"; };
		AAAAC9AE2B5564D70026C8D9 /* OnboardingPageView.swift */ = {isa = PBXFileReference; lastKnownFileType = sourcecode.swift; path = OnboardingPageView.swift; sourceTree = "<group>"; };
		AAAAC9B02B5564EE0026C8D9 /* OnboardingTabView.swift */ = {isa = PBXFileReference; lastKnownFileType = sourcecode.swift; path = OnboardingTabView.swift; sourceTree = "<group>"; };
		AAAAC9B22B5566200026C8D9 /* secret.plist */ = {isa = PBXFileReference; fileEncoding = 4; lastKnownFileType = text.plist.xml; path = secret.plist; sourceTree = "<group>"; };
		AAB5A23A2B0714EE002C6C2F /* StatisticsStruct.swift */ = {isa = PBXFileReference; lastKnownFileType = sourcecode.swift; path = StatisticsStruct.swift; sourceTree = "<group>"; };
		AAB5A23C2B0718CF002C6C2F /* QuintetAdvice.json */ = {isa = PBXFileReference; fileEncoding = 4; lastKnownFileType = text.json; path = QuintetAdvice.json; sourceTree = "<group>"; };
		CF2F0E912B73BA9C000986EB /* secret.plist */ = {isa = PBXFileReference; fileEncoding = 4; lastKnownFileType = text.plist.xml; name = secret.plist; path = ../../Downloads/secret.plist; sourceTree = "<group>"; };
		CFE3590F2B69F34E00410BAE /* RecordLoginViewModel.swift */ = {isa = PBXFileReference; lastKnownFileType = sourcecode.swift; path = RecordLoginViewModel.swift; sourceTree = "<group>"; };
/* End PBXFileReference section */

/* Begin PBXFrameworksBuildPhase section */
		28C364462A5FD58E00847A88 /* Frameworks */ = {
			isa = PBXFrameworksBuildPhase;
			buildActionMask = 2147483647;
			files = (
				31F5BF9B2B4D9AD800449D4A /* KakaoSDKCert in Frameworks */,
				31F5BF9F2B4D9AD800449D4A /* KakaoSDKCommon in Frameworks */,
				31ECE94B2B403B1B006F129A /* GoogleSignIn in Frameworks */,
				31F5BF9D2B4D9AD800449D4A /* KakaoSDKCertCore in Frameworks */,
				281E2FAF2A8F6FF700DEAAD8 /* Moya in Frameworks */,
				281E2FAD2A8F6FF700DEAAD8 /* CombineMoya in Frameworks */,
				31ECE94D2B403B1B006F129A /* GoogleSignInSwift in Frameworks */,
				281E2FB32A8F6FF700DEAAD8 /* RxMoya in Frameworks */,
				281E2FB12A8F6FF700DEAAD8 /* ReactiveMoya in Frameworks */,
				31F5BF972B4D9AD800449D4A /* KakaoSDK in Frameworks */,
				31F5BF992B4D9AD800449D4A /* KakaoSDKAuth in Frameworks */,
			);
			runOnlyForDeploymentPostprocessing = 0;
		};
/* End PBXFrameworksBuildPhase section */

/* Begin PBXGroup section */
		281E2FB42A8F743200DEAAD8 /* API */ = {
			isa = PBXGroup;
			children = (
				281E2FBD2A93731300DEAAD8 /* NetworkManager.swift */,
				31465B9F2B403C0E00E2F197 /* OAuthAPI.swift */,
				31F5BF8C2B4D6F1700449D4A /* HTTPHeaderFields.swift */,
				281E2FB52A8F74D600DEAAD8 /* QuintetAPI.swift */,
				281E2FBB2A925DD800DEAAD8 /* Response.swift */,
			);
			path = API;
			sourceTree = "<group>";
		};
		286E48A72A76DD1100D109E9 /* QuintetCheck */ = {
			isa = PBXGroup;
			children = (
				28C364612A5FD63600847A88 /* QuintetCheckView.swift */,
				286E48A82A76DD6B00D109E9 /* CheckCellView.swift */,
				286E48AA2A76DE1600D109E9 /* AddNoteCellView.swift */,
			);
			path = QuintetCheck;
			sourceTree = "<group>";
		};
		28997E832A73FA4600ED676C /* ViewModel */ = {
			isa = PBXGroup;
			children = (
				31692C8F2A84A73100BC12EF /* HomeViewModel.swift */,
				AA086E3B2A72E1C20025F8A7 /* StatisticsCellViewModel.swift */,
				AA086E372A727B020025F8A7 /* DateViewModel.swift */,
				28997E812A73F76A00ED676C /* CoreDataViewModel.swift */,
				31ECE9472B403AD6006F129A /* LoginViewModel.swift */,
				CFE3590F2B69F34E00410BAE /* RecordLoginViewModel.swift */,
			);
			path = ViewModel;
			sourceTree = "<group>";
		};
		28C364402A5FD58E00847A88 = {
			isa = PBXGroup;
			children = (
				28C3644B2A5FD58E00847A88 /* Quintet-iOS */,
				28C3644A2A5FD58E00847A88 /* Products */,
				31ECE94E2B403B3F006F129A /* Frameworks */,
			);
			sourceTree = "<group>";
		};
		28C3644A2A5FD58E00847A88 /* Products */ = {
			isa = PBXGroup;
			children = (
				28C364492A5FD58E00847A88 /* Quintet-iOS.app */,
			);
			name = Products;
			sourceTree = "<group>";
		};
		28C3644B2A5FD58E00847A88 /* Quintet-iOS */ = {
			isa = PBXGroup;
			children = (
				31240B272B4057580020727B /* Quintet-iOS.entitlements */,
				28C3644C2A5FD58E00847A88 /* Quintet_iOSApp.swift */,
				31240B232B4046590020727B /* KeyChainManager.swift */,
				31240B252B4046870020727B /* KeyChainValue.swift */,
				311198D62A74F8C900D92E91 /* DateManager.swift */,
				31F5BF922B4D8E3000449D4A /* LoginManager.swift */,
				28C3645E2A5FD63600847A88 /* View */,
				28997E832A73FA4600ED676C /* ViewModel */,
				31FDB2042A84F7080091A899 /* Model */,
				281E2FB42A8F743200DEAAD8 /* API */,
				31F5BF942B4D902900449D4A /* Response */,
				2837E2312B61366800BEB53D /* BackButtonModifier.swift */,
				AAAAC9B22B5566200026C8D9 /* secret.plist */,
				28C364502A5FD58F00847A88 /* Assets.xcassets */,
				28C364522A5FD58F00847A88 /* Preview Content */,
			);
			path = "Quintet-iOS";
			sourceTree = "<group>";
		};

		28C364522A5FD58F00847A88 /* Preview Content */ = {
			isa = PBXGroup;
			children = (
				28C364532A5FD58F00847A88 /* Preview Assets.xcassets */,
			);
			path = "Preview Content";
			sourceTree = "<group>";
		};
		28C3645E2A5FD63600847A88 /* View */ = {
			isa = PBXGroup;
			children = (
				4E2EB64F2AFE4DCC00821A8F /* ElementView.swift */,
				4E2EB64B2AFE4A1600821A8F /* CalendarView.swift */,
				31BF652D2A7B7ECD0014EC90 /* LoginView.swift */,
				28C3645A2A5FD5DB00847A88 /* HomeView.swift */,
				AAAAC9AD2B5564650026C8D9 /* Onboradings */,
				28C3645F2A5FD63600847A88 /* RecordView.swift */,
				28C364602A5FD63600847A88 /* StatisticsView.swift */,
				AA086E3D2A875F6E0025F8A7 /* PickerView.swift */,
				28E4F6B92B879151007F7C84 /* Menu */,
				286E48A72A76DD1100D109E9 /* QuintetCheck */,
			);
			path = View;
			sourceTree = "<group>";
		};
		28E4F6B92B879151007F7C84 /* Menu */ = {
			isa = PBXGroup;
			children = (
				28C364622A5FD63600847A88 /* MenuView.swift */,
				28E4F6BA2B879170007F7C84 /* ProfileEditView.swift */,
				28E4F6BC2B87919B007F7C84 /* MailView.swift */,
				28E4F6B72B871678007F7C84 /* TermsView.swift */,
			);
			path = Menu;
			sourceTree = "<group>";
		};
		31ECE94E2B403B3F006F129A /* Frameworks */ = {
			isa = PBXGroup;
			children = (
			);
			name = Frameworks;
			sourceTree = "<group>";
		};
		31F5BF942B4D902900449D4A /* Response */ = {
			isa = PBXGroup;
			children = (
				31465B9E2B403C0E00E2F197 /* OAuthResponse.swift */,
			);
			path = Response;
			sourceTree = "<group>";
		};
		31FDB2042A84F7080091A899 /* Model */ = {
			isa = PBXGroup;
			children = (
				AAB5A23C2B0718CF002C6C2F /* QuintetAdvice.json */,
				28EBB7B12A7BF3750065AF45 /* QuintetPointPer.swift */,
				4EBBB1C62A84F24F00D27B67 /* RecordViewStruct.swift */,
				AAB5A23A2B0714EE002C6C2F /* StatisticsStruct.swift */,
				31FDB2052A84F7390091A899 /* DateProcessingModel.swift */,
				28997E792A73F00300ED676C /* CoreDataModel.xcdatamodeld */,
			);
			path = Model;
			sourceTree = "<group>";
		};
		AAAAC9AD2B5564650026C8D9 /* Onboradings */ = {
			isa = PBXGroup;
			children = (
				AAAAC9AE2B5564D70026C8D9 /* OnboardingPageView.swift */,
				AAAAC9B02B5564EE0026C8D9 /* OnboardingTabView.swift */,
			);
			path = Onboradings;
			sourceTree = "<group>";
		};
/* End PBXGroup section */

/* Begin PBXNativeTarget section */
		28C364482A5FD58E00847A88 /* Quintet-iOS */ = {
			isa = PBXNativeTarget;
			buildConfigurationList = 28C364572A5FD58F00847A88 /* Build configuration list for PBXNativeTarget "Quintet-iOS" */;
			buildPhases = (
				28C364452A5FD58E00847A88 /* Sources */,
				28C364462A5FD58E00847A88 /* Frameworks */,
				28C364472A5FD58E00847A88 /* Resources */,
			);
			buildRules = (
			);
			dependencies = (
			);
			name = "Quintet-iOS";
			packageProductDependencies = (
				281E2FAC2A8F6FF700DEAAD8 /* CombineMoya */,
				281E2FAE2A8F6FF700DEAAD8 /* Moya */,
				281E2FB02A8F6FF700DEAAD8 /* ReactiveMoya */,
				281E2FB22A8F6FF700DEAAD8 /* RxMoya */,
				31ECE94A2B403B1B006F129A /* GoogleSignIn */,
				31ECE94C2B403B1B006F129A /* GoogleSignInSwift */,
				31F5BF962B4D9AD800449D4A /* KakaoSDK */,
				31F5BF982B4D9AD800449D4A /* KakaoSDKAuth */,
				31F5BF9A2B4D9AD800449D4A /* KakaoSDKCert */,
				31F5BF9C2B4D9AD800449D4A /* KakaoSDKCertCore */,
				31F5BF9E2B4D9AD800449D4A /* KakaoSDKCommon */,
			);
			productName = "Quintet-iOS";
			productReference = 28C364492A5FD58E00847A88 /* Quintet-iOS.app */;
			productType = "com.apple.product-type.application";
		};
/* End PBXNativeTarget section */

/* Begin PBXProject section */
		28C364412A5FD58E00847A88 /* Project object */ = {
			isa = PBXProject;
			attributes = {
				BuildIndependentTargetsInParallel = 1;
				LastSwiftUpdateCheck = 1430;
				LastUpgradeCheck = 1430;
				TargetAttributes = {
					28C364482A5FD58E00847A88 = {
						CreatedOnToolsVersion = 14.3.1;
					};
				};
			};
			buildConfigurationList = 28C364442A5FD58E00847A88 /* Build configuration list for PBXProject "Quintet-iOS" */;
			compatibilityVersion = "Xcode 14.0";
			developmentRegion = en;
			hasScannedForEncodings = 0;
			knownRegions = (
				en,
				Base,
			);
			mainGroup = 28C364402A5FD58E00847A88;
			packageReferences = (
				281E2FAB2A8F6FF700DEAAD8 /* XCRemoteSwiftPackageReference "Moya" */,
				31ECE9492B403B1B006F129A /* XCRemoteSwiftPackageReference "GoogleSignIn-iOS" */,
				31F5BF952B4D9AD800449D4A /* XCRemoteSwiftPackageReference "kakao-ios-sdk" */,
			);
			productRefGroup = 28C3644A2A5FD58E00847A88 /* Products */;
			projectDirPath = "";
			projectRoot = "";
			targets = (
				28C364482A5FD58E00847A88 /* Quintet-iOS */,
			);
		};
/* End PBXProject section */

/* Begin PBXResourcesBuildPhase section */
		28C364472A5FD58E00847A88 /* Resources */ = {
			isa = PBXResourcesBuildPhase;
			buildActionMask = 2147483647;
			files = (
				28C364542A5FD58F00847A88 /* Preview Assets.xcassets in Resources */,
				AAB5A23D2B0718CF002C6C2F /* QuintetAdvice.json in Resources */,
				AAAAC9B32B5566200026C8D9 /* secret.plist in Resources */,
				28C364512A5FD58F00847A88 /* Assets.xcassets in Resources */,
			);
			runOnlyForDeploymentPostprocessing = 0;
		};
/* End PBXResourcesBuildPhase section */

/* Begin PBXSourcesBuildPhase section */
		28C364452A5FD58E00847A88 /* Sources */ = {
			isa = PBXSourcesBuildPhase;
			buildActionMask = 2147483647;
			files = (
				281E2FBE2A93731300DEAAD8 /* NetworkManager.swift in Sources */,
				AAB5A23B2B0714EE002C6C2F /* StatisticsStruct.swift in Sources */,
				28E4F6BB2B879170007F7C84 /* ProfileEditView.swift in Sources */,
				281E2FB62A8F74D600DEAAD8 /* QuintetAPI.swift in Sources */,
				31240B262B4046870020727B /* KeyChainValue.swift in Sources */,
				4E2EB64C2AFE4A1600821A8F /* CalendarView.swift in Sources */,
				311198D72A74F8C900D92E91 /* DateManager.swift in Sources */,
				28E4F6BD2B87919B007F7C84 /* MailView.swift in Sources */,
				31692C902A84A73100BC12EF /* HomeViewModel.swift in Sources */,
				281E2FBC2A925DD800DEAAD8 /* Response.swift in Sources */,
				31240B242B4046590020727B /* KeyChainManager.swift in Sources */,
				2837E2322B61366800BEB53D /* BackButtonModifier.swift in Sources */,
				28C3645B2A5FD5DB00847A88 /* HomeView.swift in Sources */,
				31465BA02B403C0E00E2F197 /* OAuthAPI.swift in Sources */,
				31ECE9482B403AD6006F129A /* LoginViewModel.swift in Sources */,
				31FDB2062A84F7390091A899 /* DateProcessingModel.swift in Sources */,
				4E2EB6502AFE4DCC00821A8F /* ElementView.swift in Sources */,
				28C364662A5FD63600847A88 /* MenuView.swift in Sources */,
				28C364652A5FD63600847A88 /* QuintetCheckView.swift in Sources */,
				31F5BF8D2B4D6F1700449D4A /* HTTPHeaderFields.swift in Sources */,
				28997E7B2A73F00300ED676C /* CoreDataModel.xcdatamodeld in Sources */,
				AA086E3E2A875F6E0025F8A7 /* PickerView.swift in Sources */,
				28EBB7B22A7BF3750065AF45 /* QuintetPointPer.swift in Sources */,
				4EBBB1C72A84F25000D27B67 /* RecordViewStruct.swift in Sources */,
				28C364642A5FD63600847A88 /* StatisticsView.swift in Sources */,
				286E48A92A76DD6B00D109E9 /* CheckCellView.swift in Sources */,
				28997E822A73F76A00ED676C /* CoreDataViewModel.swift in Sources */,
				CFE359102B69F34E00410BAE /* RecordLoginViewModel.swift in Sources */,
				AAAAC9B12B5564EE0026C8D9 /* OnboardingTabView.swift in Sources */,
				AA086E382A727B020025F8A7 /* DateViewModel.swift in Sources */,
				AAAAC9AF2B5564D70026C8D9 /* OnboardingPageView.swift in Sources */,
				28C364632A5FD63600847A88 /* RecordView.swift in Sources */,
				31465BA12B403C0E00E2F197 /* OAuthResponse.swift in Sources */,
				286E48AB2A76DE1600D109E9 /* AddNoteCellView.swift in Sources */,
				31F5BF932B4D8E3000449D4A /* LoginManager.swift in Sources */,
				28C3644D2A5FD58E00847A88 /* Quintet_iOSApp.swift in Sources */,
				31BF652E2A7B7ECD0014EC90 /* LoginView.swift in Sources */,
				28E4F6B82B871678007F7C84 /* TermsView.swift in Sources */,
				AA086E3C2A72E1C20025F8A7 /* StatisticsCellViewModel.swift in Sources */,
			);
			runOnlyForDeploymentPostprocessing = 0;
		};
/* End PBXSourcesBuildPhase section */

/* Begin XCBuildConfiguration section */
		28C364552A5FD58F00847A88 /* Debug */ = {
			isa = XCBuildConfiguration;
			buildSettings = {
				ALWAYS_SEARCH_USER_PATHS = NO;
				CLANG_ANALYZER_NONNULL = YES;
				CLANG_ANALYZER_NUMBER_OBJECT_CONVERSION = YES_AGGRESSIVE;
				CLANG_CXX_LANGUAGE_STANDARD = "gnu++20";
				CLANG_ENABLE_MODULES = YES;
				CLANG_ENABLE_OBJC_ARC = YES;
				CLANG_ENABLE_OBJC_WEAK = YES;
				CLANG_WARN_BLOCK_CAPTURE_AUTORELEASING = YES;
				CLANG_WARN_BOOL_CONVERSION = YES;
				CLANG_WARN_COMMA = YES;
				CLANG_WARN_CONSTANT_CONVERSION = YES;
				CLANG_WARN_DEPRECATED_OBJC_IMPLEMENTATIONS = YES;
				CLANG_WARN_DIRECT_OBJC_ISA_USAGE = YES_ERROR;
				CLANG_WARN_DOCUMENTATION_COMMENTS = YES;
				CLANG_WARN_EMPTY_BODY = YES;
				CLANG_WARN_ENUM_CONVERSION = YES;
				CLANG_WARN_INFINITE_RECURSION = YES;
				CLANG_WARN_INT_CONVERSION = YES;
				CLANG_WARN_NON_LITERAL_NULL_CONVERSION = YES;
				CLANG_WARN_OBJC_IMPLICIT_RETAIN_SELF = YES;
				CLANG_WARN_OBJC_LITERAL_CONVERSION = YES;
				CLANG_WARN_OBJC_ROOT_CLASS = YES_ERROR;
				CLANG_WARN_QUOTED_INCLUDE_IN_FRAMEWORK_HEADER = YES;
				CLANG_WARN_RANGE_LOOP_ANALYSIS = YES;
				CLANG_WARN_STRICT_PROTOTYPES = YES;
				CLANG_WARN_SUSPICIOUS_MOVE = YES;
				CLANG_WARN_UNGUARDED_AVAILABILITY = YES_AGGRESSIVE;
				CLANG_WARN_UNREACHABLE_CODE = YES;
				CLANG_WARN__DUPLICATE_METHOD_MATCH = YES;
				COPY_PHASE_STRIP = NO;
				DEBUG_INFORMATION_FORMAT = dwarf;
				ENABLE_STRICT_OBJC_MSGSEND = YES;
				ENABLE_TESTABILITY = YES;
				GCC_C_LANGUAGE_STANDARD = gnu11;
				GCC_DYNAMIC_NO_PIC = NO;
				GCC_NO_COMMON_BLOCKS = YES;
				GCC_OPTIMIZATION_LEVEL = 0;
				GCC_PREPROCESSOR_DEFINITIONS = (
					"DEBUG=1",
					"$(inherited)",
				);
				GCC_WARN_64_TO_32_BIT_CONVERSION = YES;
				GCC_WARN_ABOUT_RETURN_TYPE = YES_ERROR;
				GCC_WARN_UNDECLARED_SELECTOR = YES;
				GCC_WARN_UNINITIALIZED_AUTOS = YES_AGGRESSIVE;
				GCC_WARN_UNUSED_FUNCTION = YES;
				GCC_WARN_UNUSED_VARIABLE = YES;
				IPHONEOS_DEPLOYMENT_TARGET = 16.4;
				MTL_ENABLE_DEBUG_INFO = INCLUDE_SOURCE;
				MTL_FAST_MATH = YES;
				ONLY_ACTIVE_ARCH = YES;
				SDKROOT = iphoneos;
				SWIFT_ACTIVE_COMPILATION_CONDITIONS = DEBUG;
				SWIFT_OPTIMIZATION_LEVEL = "-Onone";
			};
			name = Debug;
		};
		28C364562A5FD58F00847A88 /* Release */ = {
			isa = XCBuildConfiguration;
			buildSettings = {
				ALWAYS_SEARCH_USER_PATHS = NO;
				CLANG_ANALYZER_NONNULL = YES;
				CLANG_ANALYZER_NUMBER_OBJECT_CONVERSION = YES_AGGRESSIVE;
				CLANG_CXX_LANGUAGE_STANDARD = "gnu++20";
				CLANG_ENABLE_MODULES = YES;
				CLANG_ENABLE_OBJC_ARC = YES;
				CLANG_ENABLE_OBJC_WEAK = YES;
				CLANG_WARN_BLOCK_CAPTURE_AUTORELEASING = YES;
				CLANG_WARN_BOOL_CONVERSION = YES;
				CLANG_WARN_COMMA = YES;
				CLANG_WARN_CONSTANT_CONVERSION = YES;
				CLANG_WARN_DEPRECATED_OBJC_IMPLEMENTATIONS = YES;
				CLANG_WARN_DIRECT_OBJC_ISA_USAGE = YES_ERROR;
				CLANG_WARN_DOCUMENTATION_COMMENTS = YES;
				CLANG_WARN_EMPTY_BODY = YES;
				CLANG_WARN_ENUM_CONVERSION = YES;
				CLANG_WARN_INFINITE_RECURSION = YES;
				CLANG_WARN_INT_CONVERSION = YES;
				CLANG_WARN_NON_LITERAL_NULL_CONVERSION = YES;
				CLANG_WARN_OBJC_IMPLICIT_RETAIN_SELF = YES;
				CLANG_WARN_OBJC_LITERAL_CONVERSION = YES;
				CLANG_WARN_OBJC_ROOT_CLASS = YES_ERROR;
				CLANG_WARN_QUOTED_INCLUDE_IN_FRAMEWORK_HEADER = YES;
				CLANG_WARN_RANGE_LOOP_ANALYSIS = YES;
				CLANG_WARN_STRICT_PROTOTYPES = YES;
				CLANG_WARN_SUSPICIOUS_MOVE = YES;
				CLANG_WARN_UNGUARDED_AVAILABILITY = YES_AGGRESSIVE;
				CLANG_WARN_UNREACHABLE_CODE = YES;
				CLANG_WARN__DUPLICATE_METHOD_MATCH = YES;
				COPY_PHASE_STRIP = NO;
				DEBUG_INFORMATION_FORMAT = "dwarf-with-dsym";
				ENABLE_NS_ASSERTIONS = NO;
				ENABLE_STRICT_OBJC_MSGSEND = YES;
				GCC_C_LANGUAGE_STANDARD = gnu11;
				GCC_NO_COMMON_BLOCKS = YES;
				GCC_WARN_64_TO_32_BIT_CONVERSION = YES;
				GCC_WARN_ABOUT_RETURN_TYPE = YES_ERROR;
				GCC_WARN_UNDECLARED_SELECTOR = YES;
				GCC_WARN_UNINITIALIZED_AUTOS = YES_AGGRESSIVE;
				GCC_WARN_UNUSED_FUNCTION = YES;
				GCC_WARN_UNUSED_VARIABLE = YES;
				IPHONEOS_DEPLOYMENT_TARGET = 16.4;
				MTL_ENABLE_DEBUG_INFO = NO;
				MTL_FAST_MATH = YES;
				SDKROOT = iphoneos;
				SWIFT_COMPILATION_MODE = wholemodule;
				SWIFT_OPTIMIZATION_LEVEL = "-O";
				VALIDATE_PRODUCT = YES;
			};
			name = Release;
		};
		28C364582A5FD58F00847A88 /* Debug */ = {
			isa = XCBuildConfiguration;
			buildSettings = {
				ASSETCATALOG_COMPILER_APPICON_NAME = AppIcon;
				ASSETCATALOG_COMPILER_GLOBAL_ACCENT_COLOR_NAME = AccentColor;
				CODE_SIGN_ENTITLEMENTS = "Quintet-iOS/Quintet-iOS.entitlements";
				"CODE_SIGN_IDENTITY[sdk=iphoneos*]" = "iPhone Developer";
				CODE_SIGN_STYLE = Manual;
				CURRENT_PROJECT_VERSION = 1;
				DEVELOPMENT_ASSET_PATHS = "\"Quintet-iOS/Preview Content\"";
				DEVELOPMENT_TEAM = "";
				"DEVELOPMENT_TEAM[sdk=iphoneos*]" = HX9R9FM987;
				ENABLE_PREVIEWS = YES;
				GENERATE_INFOPLIST_FILE = YES;
				INFOPLIST_FILE = "Quintet-iOS/Info.plist";
				INFOPLIST_KEY_UIApplicationSceneManifest_Generation = YES;
				INFOPLIST_KEY_UIApplicationSupportsIndirectInputEvents = YES;
				INFOPLIST_KEY_UILaunchScreen_Generation = YES;
				INFOPLIST_KEY_UISupportedInterfaceOrientations_iPad = "UIInterfaceOrientationPortrait UIInterfaceOrientationPortraitUpsideDown UIInterfaceOrientationLandscapeLeft UIInterfaceOrientationLandscapeRight";
				INFOPLIST_KEY_UISupportedInterfaceOrientations_iPhone = "UIInterfaceOrientationPortrait UIInterfaceOrientationLandscapeLeft UIInterfaceOrientationLandscapeRight";
				LD_RUNPATH_SEARCH_PATHS = (
					"$(inherited)",
					"@executable_path/Frameworks",
				);
				MARKETING_VERSION = 1.0;
				PRODUCT_BUNDLE_IDENTIFIER = "com.Quintet.Quintet-iOS";
				PRODUCT_NAME = "$(TARGET_NAME)";
				PROVISIONING_PROFILE_SPECIFIER = "";
				"PROVISIONING_PROFILE_SPECIFIER[sdk=iphoneos*]" = QuintetDevelopProvisioning;
				SWIFT_EMIT_LOC_STRINGS = YES;
				SWIFT_VERSION = 5.0;
				TARGETED_DEVICE_FAMILY = "1,2";
			};
			name = Debug;
		};
		28C364592A5FD58F00847A88 /* Release */ = {
			isa = XCBuildConfiguration;
			buildSettings = {
				ASSETCATALOG_COMPILER_APPICON_NAME = AppIcon;
				ASSETCATALOG_COMPILER_GLOBAL_ACCENT_COLOR_NAME = AccentColor;
				CODE_SIGN_ENTITLEMENTS = "Quintet-iOS/Quintet-iOS.entitlements";
				"CODE_SIGN_IDENTITY[sdk=iphoneos*]" = "iPhone Distribution";
				CODE_SIGN_STYLE = Manual;
				CURRENT_PROJECT_VERSION = 1;
				DEVELOPMENT_ASSET_PATHS = "\"Quintet-iOS/Preview Content\"";
				DEVELOPMENT_TEAM = "";
				"DEVELOPMENT_TEAM[sdk=iphoneos*]" = HX9R9FM987;
				ENABLE_PREVIEWS = YES;
				GENERATE_INFOPLIST_FILE = YES;
				INFOPLIST_FILE = "Quintet-iOS/Info.plist";
				INFOPLIST_KEY_UIApplicationSceneManifest_Generation = YES;
				INFOPLIST_KEY_UIApplicationSupportsIndirectInputEvents = YES;
				INFOPLIST_KEY_UILaunchScreen_Generation = YES;
				INFOPLIST_KEY_UISupportedInterfaceOrientations_iPad = "UIInterfaceOrientationPortrait UIInterfaceOrientationPortraitUpsideDown UIInterfaceOrientationLandscapeLeft UIInterfaceOrientationLandscapeRight";
				INFOPLIST_KEY_UISupportedInterfaceOrientations_iPhone = "UIInterfaceOrientationPortrait UIInterfaceOrientationLandscapeLeft UIInterfaceOrientationLandscapeRight";
				LD_RUNPATH_SEARCH_PATHS = (
					"$(inherited)",
					"@executable_path/Frameworks",
				);
				MARKETING_VERSION = 1.0;
				PRODUCT_BUNDLE_IDENTIFIER = "com.Quintet.Quintet-iOS";
				PRODUCT_NAME = "$(TARGET_NAME)";
				PROVISIONING_PROFILE_SPECIFIER = "";
				"PROVISIONING_PROFILE_SPECIFIER[sdk=iphoneos*]" = QuintetDistributionProvisioning;
				SWIFT_EMIT_LOC_STRINGS = YES;
				SWIFT_VERSION = 5.0;
				TARGETED_DEVICE_FAMILY = "1,2";
			};
			name = Release;
		};
/* End XCBuildConfiguration section */

/* Begin XCConfigurationList section */
		28C364442A5FD58E00847A88 /* Build configuration list for PBXProject "Quintet-iOS" */ = {
			isa = XCConfigurationList;
			buildConfigurations = (
				28C364552A5FD58F00847A88 /* Debug */,
				28C364562A5FD58F00847A88 /* Release */,
			);
			defaultConfigurationIsVisible = 0;
			defaultConfigurationName = Release;
		};
		28C364572A5FD58F00847A88 /* Build configuration list for PBXNativeTarget "Quintet-iOS" */ = {
			isa = XCConfigurationList;
			buildConfigurations = (
				28C364582A5FD58F00847A88 /* Debug */,
				28C364592A5FD58F00847A88 /* Release */,
			);
			defaultConfigurationIsVisible = 0;
			defaultConfigurationName = Release;
		};
/* End XCConfigurationList section */

/* Begin XCRemoteSwiftPackageReference section */
		281E2FAB2A8F6FF700DEAAD8 /* XCRemoteSwiftPackageReference "Moya" */ = {
			isa = XCRemoteSwiftPackageReference;
			repositoryURL = "https://github.com/Moya/Moya.git";
			requirement = {
				kind = upToNextMajorVersion;
				minimumVersion = 15.0.0;
			};
		};
		31ECE9492B403B1B006F129A /* XCRemoteSwiftPackageReference "GoogleSignIn-iOS" */ = {
			isa = XCRemoteSwiftPackageReference;
			repositoryURL = "https://github.com/google/GoogleSignIn-iOS";
			requirement = {
				kind = upToNextMajorVersion;
				minimumVersion = 7.0.0;
			};
		};
		31F5BF952B4D9AD800449D4A /* XCRemoteSwiftPackageReference "kakao-ios-sdk" */ = {
			isa = XCRemoteSwiftPackageReference;
			repositoryURL = "https://github.com/kakao/kakao-ios-sdk";
			requirement = {
				kind = upToNextMajorVersion;
				minimumVersion = 2.20.0;
			};
		};
/* End XCRemoteSwiftPackageReference section */

/* Begin XCSwiftPackageProductDependency section */
		281E2FAC2A8F6FF700DEAAD8 /* CombineMoya */ = {
			isa = XCSwiftPackageProductDependency;
			package = 281E2FAB2A8F6FF700DEAAD8 /* XCRemoteSwiftPackageReference "Moya" */;
			productName = CombineMoya;
		};
		281E2FAE2A8F6FF700DEAAD8 /* Moya */ = {
			isa = XCSwiftPackageProductDependency;
			package = 281E2FAB2A8F6FF700DEAAD8 /* XCRemoteSwiftPackageReference "Moya" */;
			productName = Moya;
		};
		281E2FB02A8F6FF700DEAAD8 /* ReactiveMoya */ = {
			isa = XCSwiftPackageProductDependency;
			package = 281E2FAB2A8F6FF700DEAAD8 /* XCRemoteSwiftPackageReference "Moya" */;
			productName = ReactiveMoya;
		};
		281E2FB22A8F6FF700DEAAD8 /* RxMoya */ = {
			isa = XCSwiftPackageProductDependency;
			package = 281E2FAB2A8F6FF700DEAAD8 /* XCRemoteSwiftPackageReference "Moya" */;
			productName = RxMoya;
		};
		31ECE94A2B403B1B006F129A /* GoogleSignIn */ = {
			isa = XCSwiftPackageProductDependency;
			package = 31ECE9492B403B1B006F129A /* XCRemoteSwiftPackageReference "GoogleSignIn-iOS" */;
			productName = GoogleSignIn;
		};
		31ECE94C2B403B1B006F129A /* GoogleSignInSwift */ = {
			isa = XCSwiftPackageProductDependency;
			package = 31ECE9492B403B1B006F129A /* XCRemoteSwiftPackageReference "GoogleSignIn-iOS" */;
			productName = GoogleSignInSwift;
		};
		31F5BF962B4D9AD800449D4A /* KakaoSDK */ = {
			isa = XCSwiftPackageProductDependency;
			package = 31F5BF952B4D9AD800449D4A /* XCRemoteSwiftPackageReference "kakao-ios-sdk" */;
			productName = KakaoSDK;
		};
		31F5BF982B4D9AD800449D4A /* KakaoSDKAuth */ = {
			isa = XCSwiftPackageProductDependency;
			package = 31F5BF952B4D9AD800449D4A /* XCRemoteSwiftPackageReference "kakao-ios-sdk" */;
			productName = KakaoSDKAuth;
		};
		31F5BF9A2B4D9AD800449D4A /* KakaoSDKCert */ = {
			isa = XCSwiftPackageProductDependency;
			package = 31F5BF952B4D9AD800449D4A /* XCRemoteSwiftPackageReference "kakao-ios-sdk" */;
			productName = KakaoSDKCert;
		};
		31F5BF9C2B4D9AD800449D4A /* KakaoSDKCertCore */ = {
			isa = XCSwiftPackageProductDependency;
			package = 31F5BF952B4D9AD800449D4A /* XCRemoteSwiftPackageReference "kakao-ios-sdk" */;
			productName = KakaoSDKCertCore;
		};
		31F5BF9E2B4D9AD800449D4A /* KakaoSDKCommon */ = {
			isa = XCSwiftPackageProductDependency;
			package = 31F5BF952B4D9AD800449D4A /* XCRemoteSwiftPackageReference "kakao-ios-sdk" */;
			productName = KakaoSDKCommon;
		};
/* End XCSwiftPackageProductDependency section */

/* Begin XCVersionGroup section */
		28997E792A73F00300ED676C /* CoreDataModel.xcdatamodeld */ = {
			isa = XCVersionGroup;
			children = (
				28997E7A2A73F00300ED676C /* Model.xcdatamodel */,
			);
			currentVersion = 28997E7A2A73F00300ED676C /* Model.xcdatamodel */;
			path = CoreDataModel.xcdatamodeld;
			sourceTree = "<group>";
			versionGroupType = wrapper.xcdatamodel;
		};
/* End XCVersionGroup section */
	};
	rootObject = 28C364412A5FD58E00847A88 /* Project object */;
}
