// !$*UTF8*$!
{
	archiveVersion = 1;
	classes = {
	};
	objectVersion = 56;
	objects = {

/* Begin PBXBuildFile section */
		286E48A92A76DD6B00D109E9 /* CheckCellView.swift in Sources */ = {isa = PBXBuildFile; fileRef = 286E48A82A76DD6B00D109E9 /* CheckCellView.swift */; };
		286E48AB2A76DE1600D109E9 /* AddNoteCellView.swift in Sources */ = {isa = PBXBuildFile; fileRef = 286E48AA2A76DE1600D109E9 /* AddNoteCellView.swift */; };
		28997E7B2A73F00300ED676C /* CoreDataModel.xcdatamodeld in Sources */ = {isa = PBXBuildFile; fileRef = 28997E792A73F00300ED676C /* CoreDataModel.xcdatamodeld */; };
		28997E822A73F76A00ED676C /* CoreDataViewModel.swift in Sources */ = {isa = PBXBuildFile; fileRef = 28997E812A73F76A00ED676C /* CoreDataViewModel.swift */; };
		28C3644D2A5FD58E00847A88 /* Quintet_iOSApp.swift in Sources */ = {isa = PBXBuildFile; fileRef = 28C3644C2A5FD58E00847A88 /* Quintet_iOSApp.swift */; };
		28C364512A5FD58F00847A88 /* Assets.xcassets in Resources */ = {isa = PBXBuildFile; fileRef = 28C364502A5FD58F00847A88 /* Assets.xcassets */; };
		28C364542A5FD58F00847A88 /* Preview Assets.xcassets in Resources */ = {isa = PBXBuildFile; fileRef = 28C364532A5FD58F00847A88 /* Preview Assets.xcassets */; };
		28C3645B2A5FD5DB00847A88 /* HomeView.swift in Sources */ = {isa = PBXBuildFile; fileRef = 28C3645A2A5FD5DB00847A88 /* HomeView.swift */; };
		28C364632A5FD63600847A88 /* RecordView.swift in Sources */ = {isa = PBXBuildFile; fileRef = 28C3645F2A5FD63600847A88 /* RecordView.swift */; };
		28C364642A5FD63600847A88 /* StatisticsView.swift in Sources */ = {isa = PBXBuildFile; fileRef = 28C364602A5FD63600847A88 /* StatisticsView.swift */; };
		28C364652A5FD63600847A88 /* QuintetCheckView.swift in Sources */ = {isa = PBXBuildFile; fileRef = 28C364612A5FD63600847A88 /* QuintetCheckView.swift */; };
		28C364662A5FD63600847A88 /* MenuView.swift in Sources */ = {isa = PBXBuildFile; fileRef = 28C364622A5FD63600847A88 /* MenuView.swift */; };
		28EBB7B22A7BF3750065AF45 /* QuintetPointPer.swift in Sources */ = {isa = PBXBuildFile; fileRef = 28EBB7B12A7BF3750065AF45 /* QuintetPointPer.swift */; };
		311198D72A74F8C900D92E91 /* DateManager.swift in Sources */ = {isa = PBXBuildFile; fileRef = 311198D62A74F8C900D92E91 /* DateManager.swift */; };
		311198D92A74FAFE00D92E91 /* DummyDataManager.swift in Sources */ = {isa = PBXBuildFile; fileRef = 311198D82A74FAFE00D92E91 /* DummyDataManager.swift */; };
		315DAF142A9238A1006C81BE /* Moya in Frameworks */ = {isa = PBXBuildFile; productRef = 315DAF132A9238A1006C81BE /* Moya */; };
		315DAF162A923A91006C81BE /* API.swift in Sources */ = {isa = PBXBuildFile; fileRef = 315DAF152A923A91006C81BE /* API.swift */; };
		315DAF192A923F38006C81BE /* GoogleSignIn in Frameworks */ = {isa = PBXBuildFile; productRef = 315DAF182A923F38006C81BE /* GoogleSignIn */; };
		315DAF1B2A923F38006C81BE /* GoogleSignInSwift in Frameworks */ = {isa = PBXBuildFile; productRef = 315DAF1A2A923F38006C81BE /* GoogleSignInSwift */; };
		31692C902A84A73100BC12EF /* HomeViewModel.swift in Sources */ = {isa = PBXBuildFile; fileRef = 31692C8F2A84A73100BC12EF /* HomeViewModel.swift */; };
		31BF652E2A7B7ECD0014EC90 /* LoginView.swift in Sources */ = {isa = PBXBuildFile; fileRef = 31BF652D2A7B7ECD0014EC90 /* LoginView.swift */; };
		31FDB2062A84F7390091A899 /* DateProcessingModel.swift in Sources */ = {isa = PBXBuildFile; fileRef = 31FDB2052A84F7390091A899 /* DateProcessingModel.swift */; };
		4EBBB1C72A84F25000D27B67 /* RecordViewStruct.swift in Sources */ = {isa = PBXBuildFile; fileRef = 4EBBB1C62A84F24F00D27B67 /* RecordViewStruct.swift */; };
		AA086E382A727B020025F8A7 /* DateViewModel.swift in Sources */ = {isa = PBXBuildFile; fileRef = AA086E372A727B020025F8A7 /* DateViewModel.swift */; };
		AA086E3C2A72E1C20025F8A7 /* StatisticsCellViewModel.swift in Sources */ = {isa = PBXBuildFile; fileRef = AA086E3B2A72E1C20025F8A7 /* StatisticsCellViewModel.swift */; };
		AA086E3E2A875F6E0025F8A7 /* PickerView.swift in Sources */ = {isa = PBXBuildFile; fileRef = AA086E3D2A875F6E0025F8A7 /* PickerView.swift */; };
/* End PBXBuildFile section */

/* Begin PBXFileReference section */
		286E48A82A76DD6B00D109E9 /* CheckCellView.swift */ = {isa = PBXFileReference; lastKnownFileType = sourcecode.swift; path = CheckCellView.swift; sourceTree = "<group>"; };
		286E48AA2A76DE1600D109E9 /* AddNoteCellView.swift */ = {isa = PBXFileReference; lastKnownFileType = sourcecode.swift; path = AddNoteCellView.swift; sourceTree = "<group>"; };
		28997E7A2A73F00300ED676C /* Model.xcdatamodel */ = {isa = PBXFileReference; lastKnownFileType = wrapper.xcdatamodel; path = Model.xcdatamodel; sourceTree = "<group>"; };
		28997E812A73F76A00ED676C /* CoreDataViewModel.swift */ = {isa = PBXFileReference; lastKnownFileType = sourcecode.swift; path = CoreDataViewModel.swift; sourceTree = "<group>"; };
		28C364492A5FD58E00847A88 /* Quintet-iOS.app */ = {isa = PBXFileReference; explicitFileType = wrapper.application; includeInIndex = 0; path = "Quintet-iOS.app"; sourceTree = BUILT_PRODUCTS_DIR; };
		28C3644C2A5FD58E00847A88 /* Quintet_iOSApp.swift */ = {isa = PBXFileReference; lastKnownFileType = sourcecode.swift; path = Quintet_iOSApp.swift; sourceTree = "<group>"; };
		28C364502A5FD58F00847A88 /* Assets.xcassets */ = {isa = PBXFileReference; lastKnownFileType = folder.assetcatalog; path = Assets.xcassets; sourceTree = "<group>"; };
		28C364532A5FD58F00847A88 /* Preview Assets.xcassets */ = {isa = PBXFileReference; lastKnownFileType = folder.assetcatalog; path = "Preview Assets.xcassets"; sourceTree = "<group>"; };
		28C3645A2A5FD5DB00847A88 /* HomeView.swift */ = {isa = PBXFileReference; fileEncoding = 4; lastKnownFileType = sourcecode.swift; path = HomeView.swift; sourceTree = "<group>"; };
		28C3645F2A5FD63600847A88 /* RecordView.swift */ = {isa = PBXFileReference; fileEncoding = 4; lastKnownFileType = sourcecode.swift; path = RecordView.swift; sourceTree = "<group>"; };
		28C364602A5FD63600847A88 /* StatisticsView.swift */ = {isa = PBXFileReference; fileEncoding = 4; lastKnownFileType = sourcecode.swift; path = StatisticsView.swift; sourceTree = "<group>"; };
		28C364612A5FD63600847A88 /* QuintetCheckView.swift */ = {isa = PBXFileReference; fileEncoding = 4; lastKnownFileType = sourcecode.swift; path = QuintetCheckView.swift; sourceTree = "<group>"; };
		28C364622A5FD63600847A88 /* MenuView.swift */ = {isa = PBXFileReference; fileEncoding = 4; lastKnownFileType = sourcecode.swift; path = MenuView.swift; sourceTree = "<group>"; };
		28EBB7B12A7BF3750065AF45 /* QuintetPointPer.swift */ = {isa = PBXFileReference; lastKnownFileType = sourcecode.swift; path = QuintetPointPer.swift; sourceTree = "<group>"; };
		311198D62A74F8C900D92E91 /* DateManager.swift */ = {isa = PBXFileReference; lastKnownFileType = sourcecode.swift; path = DateManager.swift; sourceTree = "<group>"; };
		311198D82A74FAFE00D92E91 /* DummyDataManager.swift */ = {isa = PBXFileReference; lastKnownFileType = sourcecode.swift; path = DummyDataManager.swift; sourceTree = "<group>"; };
		313504152A947EFE00834CB3 /* Info.plist */ = {isa = PBXFileReference; lastKnownFileType = text.plist; path = Info.plist; sourceTree = "<group>"; };
		315DAF152A923A91006C81BE /* API.swift */ = {isa = PBXFileReference; lastKnownFileType = sourcecode.swift; path = API.swift; sourceTree = "<group>"; };
		31692C8F2A84A73100BC12EF /* HomeViewModel.swift */ = {isa = PBXFileReference; lastKnownFileType = sourcecode.swift; path = HomeViewModel.swift; sourceTree = "<group>"; };
		31BF652D2A7B7ECD0014EC90 /* LoginView.swift */ = {isa = PBXFileReference; lastKnownFileType = sourcecode.swift; path = LoginView.swift; sourceTree = "<group>"; };
		31FDB2052A84F7390091A899 /* DateProcessingModel.swift */ = {isa = PBXFileReference; lastKnownFileType = sourcecode.swift; path = DateProcessingModel.swift; sourceTree = "<group>"; };
		4EBBB1C62A84F24F00D27B67 /* RecordViewStruct.swift */ = {isa = PBXFileReference; lastKnownFileType = sourcecode.swift; path = RecordViewStruct.swift; sourceTree = "<group>"; };
		AA086E372A727B020025F8A7 /* DateViewModel.swift */ = {isa = PBXFileReference; lastKnownFileType = sourcecode.swift; path = DateViewModel.swift; sourceTree = "<group>"; };
		AA086E3B2A72E1C20025F8A7 /* StatisticsCellViewModel.swift */ = {isa = PBXFileReference; lastKnownFileType = sourcecode.swift; path = StatisticsCellViewModel.swift; sourceTree = "<group>"; };
		AA086E3D2A875F6E0025F8A7 /* PickerView.swift */ = {isa = PBXFileReference; lastKnownFileType = sourcecode.swift; path = PickerView.swift; sourceTree = "<group>"; };
/* End PBXFileReference section */

/* Begin PBXFrameworksBuildPhase section */
		28C364462A5FD58E00847A88 /* Frameworks */ = {
			isa = PBXFrameworksBuildPhase;
			buildActionMask = 2147483647;
			files = (
				315DAF1B2A923F38006C81BE /* GoogleSignInSwift in Frameworks */,
				315DAF142A9238A1006C81BE /* Moya in Frameworks */,
				315DAF192A923F38006C81BE /* GoogleSignIn in Frameworks */,
			);
			runOnlyForDeploymentPostprocessing = 0;
		};
/* End PBXFrameworksBuildPhase section */

/* Begin PBXGroup section */
		286E48A72A76DD1100D109E9 /* QuintetCheck */ = {
			isa = PBXGroup;
			children = (
				28C364612A5FD63600847A88 /* QuintetCheckView.swift */,
				286E48A82A76DD6B00D109E9 /* CheckCellView.swift */,
				286E48AA2A76DE1600D109E9 /* AddNoteCellView.swift */,
			);
			path = QuintetCheck;
			sourceTree = "<group>";
		};
		28997E832A73FA4600ED676C /* ViewModel */ = {
			isa = PBXGroup;
			children = (
				31692C8F2A84A73100BC12EF /* HomeViewModel.swift */,
				AA086E3B2A72E1C20025F8A7 /* StatisticsCellViewModel.swift */,
				AA086E372A727B020025F8A7 /* DateViewModel.swift */,
				28997E812A73F76A00ED676C /* CoreDataViewModel.swift */,
			);
			path = ViewModel;
			sourceTree = "<group>";
		};
		28C364402A5FD58E00847A88 = {
			isa = PBXGroup;
			children = (
				28C3644B2A5FD58E00847A88 /* Quintet-iOS */,
				28C3644A2A5FD58E00847A88 /* Products */,
			);
			sourceTree = "<group>";
		};
		28C3644A2A5FD58E00847A88 /* Products */ = {
			isa = PBXGroup;
			children = (
				28C364492A5FD58E00847A88 /* Quintet-iOS.app */,
			);
			name = Products;
			sourceTree = "<group>";
		};
		28C3644B2A5FD58E00847A88 /* Quintet-iOS */ = {
			isa = PBXGroup;
			children = (
				313504152A947EFE00834CB3 /* Info.plist */,
				28C3644C2A5FD58E00847A88 /* Quintet_iOSApp.swift */,
				311198D62A74F8C900D92E91 /* DateManager.swift */,
				311198D82A74FAFE00D92E91 /* DummyDataManager.swift */,
				28C3645E2A5FD63600847A88 /* View */,
				28997E832A73FA4600ED676C /* ViewModel */,
				31FDB2042A84F7080091A899 /* Model */,
				28C364502A5FD58F00847A88 /* Assets.xcassets */,
				28C364522A5FD58F00847A88 /* Preview Content */,
			);
			path = "Quintet-iOS";
			sourceTree = "<group>";
		};
		28C364522A5FD58F00847A88 /* Preview Content */ = {
			isa = PBXGroup;
			children = (
				28C364532A5FD58F00847A88 /* Preview Assets.xcassets */,
			);
			path = "Preview Content";
			sourceTree = "<group>";
		};
		28C3645E2A5FD63600847A88 /* View */ = {
			isa = PBXGroup;
			children = (
				31BF652D2A7B7ECD0014EC90 /* LoginView.swift */,
				28C3645A2A5FD5DB00847A88 /* HomeView.swift */,
				28C3645F2A5FD63600847A88 /* RecordView.swift */,
				28C364602A5FD63600847A88 /* StatisticsView.swift */,
				28C364622A5FD63600847A88 /* MenuView.swift */,
				AA086E3D2A875F6E0025F8A7 /* PickerView.swift */,
				286E48A72A76DD1100D109E9 /* QuintetCheck */,
			);
			path = View;
			sourceTree = "<group>";
		};
		31FDB2042A84F7080091A899 /* Model */ = {
			isa = PBXGroup;
			children = (
				28EBB7B12A7BF3750065AF45 /* QuintetPointPer.swift */,
				315DAF152A923A91006C81BE /* API.swift */,
				4EBBB1C62A84F24F00D27B67 /* RecordViewStruct.swift */,
				31FDB2052A84F7390091A899 /* DateProcessingModel.swift */,
				28997E792A73F00300ED676C /* CoreDataModel.xcdatamodeld */,
			);
			path = Model;
			sourceTree = "<group>";
		};
/* End PBXGroup section */

/* Begin PBXNativeTarget section */
		28C364482A5FD58E00847A88 /* Quintet-iOS */ = {
			isa = PBXNativeTarget;
			buildConfigurationList = 28C364572A5FD58F00847A88 /* Build configuration list for PBXNativeTarget "Quintet-iOS" */;
			buildPhases = (
				28C364452A5FD58E00847A88 /* Sources */,
				28C364462A5FD58E00847A88 /* Frameworks */,
				28C364472A5FD58E00847A88 /* Resources */,
			);
			buildRules = (
			);
			dependencies = (
			);
			name = "Quintet-iOS";
			packageProductDependencies = (
				315DAF132A9238A1006C81BE /* Moya */,
				315DAF182A923F38006C81BE /* GoogleSignIn */,
				315DAF1A2A923F38006C81BE /* GoogleSignInSwift */,
			);
			productName = "Quintet-iOS";
			productReference = 28C364492A5FD58E00847A88 /* Quintet-iOS.app */;
			productType = "com.apple.product-type.application";
		};
/* End PBXNativeTarget section */

/* Begin PBXProject section */
		28C364412A5FD58E00847A88 /* Project object */ = {
			isa = PBXProject;
			attributes = {
				BuildIndependentTargetsInParallel = 1;
				LastSwiftUpdateCheck = 1430;
				LastUpgradeCheck = 1430;
				TargetAttributes = {
					28C364482A5FD58E00847A88 = {
						CreatedOnToolsVersion = 14.3.1;
					};
				};
			};
			buildConfigurationList = 28C364442A5FD58E00847A88 /* Build configuration list for PBXProject "Quintet-iOS" */;
			compatibilityVersion = "Xcode 14.0";
			developmentRegion = en;
			hasScannedForEncodings = 0;
			knownRegions = (
				en,
				Base,
			);
			mainGroup = 28C364402A5FD58E00847A88;
			packageReferences = (
				315DAF122A9238A1006C81BE /* XCRemoteSwiftPackageReference "Moya" */,
				315DAF172A923F38006C81BE /* XCRemoteSwiftPackageReference "GoogleSignIn-iOS" */,
			);
			productRefGroup = 28C3644A2A5FD58E00847A88 /* Products */;
			projectDirPath = "";
			projectRoot = "";
			targets = (
				28C364482A5FD58E00847A88 /* Quintet-iOS */,
			);
		};
/* End PBXProject section */

/* Begin PBXResourcesBuildPhase section */
		28C364472A5FD58E00847A88 /* Resources */ = {
			isa = PBXResourcesBuildPhase;
			buildActionMask = 2147483647;
			files = (
				28C364542A5FD58F00847A88 /* Preview Assets.xcassets in Resources */,
				28C364512A5FD58F00847A88 /* Assets.xcassets in Resources */,
			);
			runOnlyForDeploymentPostprocessing = 0;
		};
/* End PBXResourcesBuildPhase section */

/* Begin PBXSourcesBuildPhase section */
		28C364452A5FD58E00847A88 /* Sources */ = {
			isa = PBXSourcesBuildPhase;
			buildActionMask = 2147483647;
			files = (
				311198D72A74F8C900D92E91 /* DateManager.swift in Sources */,
				31692C902A84A73100BC12EF /* HomeViewModel.swift in Sources */,
				28C3645B2A5FD5DB00847A88 /* HomeView.swift in Sources */,
				31FDB2062A84F7390091A899 /* DateProcessingModel.swift in Sources */,
				311198D92A74FAFE00D92E91 /* DummyDataManager.swift in Sources */,
				28C364662A5FD63600847A88 /* MenuView.swift in Sources */,
				28C364652A5FD63600847A88 /* QuintetCheckView.swift in Sources */,
				28997E7B2A73F00300ED676C /* CoreDataModel.xcdatamodeld in Sources */,
				AA086E3E2A875F6E0025F8A7 /* PickerView.swift in Sources */,
				28EBB7B22A7BF3750065AF45 /* QuintetPointPer.swift in Sources */,
				4EBBB1C72A84F25000D27B67 /* RecordViewStruct.swift in Sources */,
				28C364642A5FD63600847A88 /* StatisticsView.swift in Sources */,
				286E48A92A76DD6B00D109E9 /* CheckCellView.swift in Sources */,
				315DAF162A923A91006C81BE /* API.swift in Sources */,
				28997E822A73F76A00ED676C /* CoreDataViewModel.swift in Sources */,
				AA086E382A727B020025F8A7 /* DateViewModel.swift in Sources */,
				28C364632A5FD63600847A88 /* RecordView.swift in Sources */,
				286E48AB2A76DE1600D109E9 /* AddNoteCellView.swift in Sources */,
				28C3644D2A5FD58E00847A88 /* Quintet_iOSApp.swift in Sources */,
				31BF652E2A7B7ECD0014EC90 /* LoginView.swift in Sources */,
				AA086E3C2A72E1C20025F8A7 /* StatisticsCellViewModel.swift in Sources */,
			);
			runOnlyForDeploymentPostprocessing = 0;
		};
/* End PBXSourcesBuildPhase section */

/* Begin XCBuildConfiguration section */
		28C364552A5FD58F00847A88 /* Debug */ = {
			isa = XCBuildConfiguration;
			buildSettings = {
				ALWAYS_SEARCH_USER_PATHS = NO;
				CLANG_ANALYZER_NONNULL = YES;
				CLANG_ANALYZER_NUMBER_OBJECT_CONVERSION = YES_AGGRESSIVE;
				CLANG_CXX_LANGUAGE_STANDARD = "gnu++20";
				CLANG_ENABLE_MODULES = YES;
				CLANG_ENABLE_OBJC_ARC = YES;
				CLANG_ENABLE_OBJC_WEAK = YES;
				CLANG_WARN_BLOCK_CAPTURE_AUTORELEASING = YES;
				CLANG_WARN_BOOL_CONVERSION = YES;
				CLANG_WARN_COMMA = YES;
				CLANG_WARN_CONSTANT_CONVERSION = YES;
				CLANG_WARN_DEPRECATED_OBJC_IMPLEMENTATIONS = YES;
				CLANG_WARN_DIRECT_OBJC_ISA_USAGE = YES_ERROR;
				CLANG_WARN_DOCUMENTATION_COMMENTS = YES;
				CLANG_WARN_EMPTY_BODY = YES;
				CLANG_WARN_ENUM_CONVERSION = YES;
				CLANG_WARN_INFINITE_RECURSION = YES;
				CLANG_WARN_INT_CONVERSION = YES;
				CLANG_WARN_NON_LITERAL_NULL_CONVERSION = YES;
				CLANG_WARN_OBJC_IMPLICIT_RETAIN_SELF = YES;
				CLANG_WARN_OBJC_LITERAL_CONVERSION = YES;
				CLANG_WARN_OBJC_ROOT_CLASS = YES_ERROR;
				CLANG_WARN_QUOTED_INCLUDE_IN_FRAMEWORK_HEADER = YES;
				CLANG_WARN_RANGE_LOOP_ANALYSIS = YES;
				CLANG_WARN_STRICT_PROTOTYPES = YES;
				CLANG_WARN_SUSPICIOUS_MOVE = YES;
				CLANG_WARN_UNGUARDED_AVAILABILITY = YES_AGGRESSIVE;
				CLANG_WARN_UNREACHABLE_CODE = YES;
				CLANG_WARN__DUPLICATE_METHOD_MATCH = YES;
				COPY_PHASE_STRIP = NO;
				DEBUG_INFORMATION_FORMAT = dwarf;
				ENABLE_STRICT_OBJC_MSGSEND = YES;
				ENABLE_TESTABILITY = YES;
				GCC_C_LANGUAGE_STANDARD = gnu11;
				GCC_DYNAMIC_NO_PIC = NO;
				GCC_NO_COMMON_BLOCKS = YES;
				GCC_OPTIMIZATION_LEVEL = 0;
				GCC_PREPROCESSOR_DEFINITIONS = (
					"DEBUG=1",
					"$(inherited)",
				);
				GCC_WARN_64_TO_32_BIT_CONVERSION = YES;
				GCC_WARN_ABOUT_RETURN_TYPE = YES_ERROR;
				GCC_WARN_UNDECLARED_SELECTOR = YES;
				GCC_WARN_UNINITIALIZED_AUTOS = YES_AGGRESSIVE;
				GCC_WARN_UNUSED_FUNCTION = YES;
				GCC_WARN_UNUSED_VARIABLE = YES;
				IPHONEOS_DEPLOYMENT_TARGET = 16.4;
				MTL_ENABLE_DEBUG_INFO = INCLUDE_SOURCE;
				MTL_FAST_MATH = YES;
				ONLY_ACTIVE_ARCH = YES;
				SDKROOT = iphoneos;
				SWIFT_ACTIVE_COMPILATION_CONDITIONS = DEBUG;
				SWIFT_OPTIMIZATION_LEVEL = "-Onone";
			};
			name = Debug;
		};
		28C364562A5FD58F00847A88 /* Release */ = {
			isa = XCBuildConfiguration;
			buildSettings = {
				ALWAYS_SEARCH_USER_PATHS = NO;
				CLANG_ANALYZER_NONNULL = YES;
				CLANG_ANALYZER_NUMBER_OBJECT_CONVERSION = YES_AGGRESSIVE;
				CLANG_CXX_LANGUAGE_STANDARD = "gnu++20";
				CLANG_ENABLE_MODULES = YES;
				CLANG_ENABLE_OBJC_ARC = YES;
				CLANG_ENABLE_OBJC_WEAK = YES;
				CLANG_WARN_BLOCK_CAPTURE_AUTORELEASING = YES;
				CLANG_WARN_BOOL_CONVERSION = YES;
				CLANG_WARN_COMMA = YES;
				CLANG_WARN_CONSTANT_CONVERSION = YES;
				CLANG_WARN_DEPRECATED_OBJC_IMPLEMENTATIONS = YES;
				CLANG_WARN_DIRECT_OBJC_ISA_USAGE = YES_ERROR;
				CLANG_WARN_DOCUMENTATION_COMMENTS = YES;
				CLANG_WARN_EMPTY_BODY = YES;
				CLANG_WARN_ENUM_CONVERSION = YES;
				CLANG_WARN_INFINITE_RECURSION = YES;
				CLANG_WARN_INT_CONVERSION = YES;
				CLANG_WARN_NON_LITERAL_NULL_CONVERSION = YES;
				CLANG_WARN_OBJC_IMPLICIT_RETAIN_SELF = YES;
				CLANG_WARN_OBJC_LITERAL_CONVERSION = YES;
				CLANG_WARN_OBJC_ROOT_CLASS = YES_ERROR;
				CLANG_WARN_QUOTED_INCLUDE_IN_FRAMEWORK_HEADER = YES;
				CLANG_WARN_RANGE_LOOP_ANALYSIS = YES;
				CLANG_WARN_STRICT_PROTOTYPES = YES;
				CLANG_WARN_SUSPICIOUS_MOVE = YES;
				CLANG_WARN_UNGUARDED_AVAILABILITY = YES_AGGRESSIVE;
				CLANG_WARN_UNREACHABLE_CODE = YES;
				CLANG_WARN__DUPLICATE_METHOD_MATCH = YES;
				COPY_PHASE_STRIP = NO;
				DEBUG_INFORMATION_FORMAT = "dwarf-with-dsym";
				ENABLE_NS_ASSERTIONS = NO;
				ENABLE_STRICT_OBJC_MSGSEND = YES;
				GCC_C_LANGUAGE_STANDARD = gnu11;
				GCC_NO_COMMON_BLOCKS = YES;
				GCC_WARN_64_TO_32_BIT_CONVERSION = YES;
				GCC_WARN_ABOUT_RETURN_TYPE = YES_ERROR;
				GCC_WARN_UNDECLARED_SELECTOR = YES;
				GCC_WARN_UNINITIALIZED_AUTOS = YES_AGGRESSIVE;
				GCC_WARN_UNUSED_FUNCTION = YES;
				GCC_WARN_UNUSED_VARIABLE = YES;
				IPHONEOS_DEPLOYMENT_TARGET = 16.4;
				MTL_ENABLE_DEBUG_INFO = NO;
				MTL_FAST_MATH = YES;
				SDKROOT = iphoneos;
				SWIFT_COMPILATION_MODE = wholemodule;
				SWIFT_OPTIMIZATION_LEVEL = "-O";
				VALIDATE_PRODUCT = YES;
			};
			name = Release;
		};
		28C364582A5FD58F00847A88 /* Debug */ = {
			isa = XCBuildConfiguration;
			buildSettings = {
				ASSETCATALOG_COMPILER_APPICON_NAME = AppIcon;
				ASSETCATALOG_COMPILER_GLOBAL_ACCENT_COLOR_NAME = AccentColor;
				CODE_SIGN_STYLE = Automatic;
				CURRENT_PROJECT_VERSION = 1;
				DEVELOPMENT_ASSET_PATHS = "\"Quintet-iOS/Preview Content\"";
				ENABLE_PREVIEWS = YES;
				GENERATE_INFOPLIST_FILE = YES;
				INFOPLIST_FILE = "Quintet-iOS/Info.plist";
				INFOPLIST_KEY_UIApplicationSceneManifest_Generation = YES;
				INFOPLIST_KEY_UIApplicationSupportsIndirectInputEvents = YES;
				INFOPLIST_KEY_UILaunchScreen_Generation = YES;
				INFOPLIST_KEY_UISupportedInterfaceOrientations_iPad = "UIInterfaceOrientationPortrait UIInterfaceOrientationPortraitUpsideDown UIInterfaceOrientationLandscapeLeft UIInterfaceOrientationLandscapeRight";
				INFOPLIST_KEY_UISupportedInterfaceOrientations_iPhone = "UIInterfaceOrientationPortrait UIInterfaceOrientationLandscapeLeft UIInterfaceOrientationLandscapeRight";
				LD_RUNPATH_SEARCH_PATHS = (
					"$(inherited)",
					"@executable_path/Frameworks",
				);
				MARKETING_VERSION = 1.0;
				PRODUCT_BUNDLE_IDENTIFIER = "com.Quintet.Quintet-iOS";
				PRODUCT_NAME = "$(TARGET_NAME)";
				SWIFT_EMIT_LOC_STRINGS = YES;
				SWIFT_VERSION = 5.0;
				TARGETED_DEVICE_FAMILY = "1,2";
			};
			name = Debug;
		};
		28C364592A5FD58F00847A88 /* Release */ = {
			isa = XCBuildConfiguration;
			buildSettings = {
				ASSETCATALOG_COMPILER_APPICON_NAME = AppIcon;
				ASSETCATALOG_COMPILER_GLOBAL_ACCENT_COLOR_NAME = AccentColor;
				CODE_SIGN_STYLE = Automatic;
				CURRENT_PROJECT_VERSION = 1;
				DEVELOPMENT_ASSET_PATHS = "\"Quintet-iOS/Preview Content\"";
				ENABLE_PREVIEWS = YES;
				GENERATE_INFOPLIST_FILE = YES;
				INFOPLIST_FILE = "Quintet-iOS/Info.plist";
				INFOPLIST_KEY_UIApplicationSceneManifest_Generation = YES;
				INFOPLIST_KEY_UIApplicationSupportsIndirectInputEvents = YES;
				INFOPLIST_KEY_UILaunchScreen_Generation = YES;
				INFOPLIST_KEY_UISupportedInterfaceOrientations_iPad = "UIInterfaceOrientationPortrait UIInterfaceOrientationPortraitUpsideDown UIInterfaceOrientationLandscapeLeft UIInterfaceOrientationLandscapeRight";
				INFOPLIST_KEY_UISupportedInterfaceOrientations_iPhone = "UIInterfaceOrientationPortrait UIInterfaceOrientationLandscapeLeft UIInterfaceOrientationLandscapeRight";
				LD_RUNPATH_SEARCH_PATHS = (
					"$(inherited)",
					"@executable_path/Frameworks",
				);
				MARKETING_VERSION = 1.0;
				PRODUCT_BUNDLE_IDENTIFIER = "com.Quintet.Quintet-iOS";
				PRODUCT_NAME = "$(TARGET_NAME)";
				SWIFT_EMIT_LOC_STRINGS = YES;
				SWIFT_VERSION = 5.0;
				TARGETED_DEVICE_FAMILY = "1,2";
			};
			name = Release;
		};
/* End XCBuildConfiguration section */

/* Begin XCConfigurationList section */
		28C364442A5FD58E00847A88 /* Build configuration list for PBXProject "Quintet-iOS" */ = {
			isa = XCConfigurationList;
			buildConfigurations = (
				28C364552A5FD58F00847A88 /* Debug */,
				28C364562A5FD58F00847A88 /* Release */,
			);
			defaultConfigurationIsVisible = 0;
			defaultConfigurationName = Release;
		};
		28C364572A5FD58F00847A88 /* Build configuration list for PBXNativeTarget "Quintet-iOS" */ = {
			isa = XCConfigurationList;
			buildConfigurations = (
				28C364582A5FD58F00847A88 /* Debug */,
				28C364592A5FD58F00847A88 /* Release */,
			);
			defaultConfigurationIsVisible = 0;
			defaultConfigurationName = Release;
		};
/* End XCConfigurationList section */

/* Begin XCRemoteSwiftPackageReference section */
		315DAF122A9238A1006C81BE /* XCRemoteSwiftPackageReference "Moya" */ = {
			isa = XCRemoteSwiftPackageReference;
			repositoryURL = "https://github.com/Moya/Moya.git";
			requirement = {
				kind = upToNextMajorVersion;
				minimumVersion = 15.0.0;
			};
		};
		315DAF172A923F38006C81BE /* XCRemoteSwiftPackageReference "GoogleSignIn-iOS" */ = {
			isa = XCRemoteSwiftPackageReference;
			repositoryURL = "https://github.com/google/GoogleSignIn-iOS";
			requirement = {
				kind = upToNextMajorVersion;
				minimumVersion = 7.0.0;
			};
		};
/* End XCRemoteSwiftPackageReference section */

/* Begin XCSwiftPackageProductDependency section */
		315DAF132A9238A1006C81BE /* Moya */ = {
			isa = XCSwiftPackageProductDependency;
			package = 315DAF122A9238A1006C81BE /* XCRemoteSwiftPackageReference "Moya" */;
			productName = Moya;
		};
		315DAF182A923F38006C81BE /* GoogleSignIn */ = {
			isa = XCSwiftPackageProductDependency;
			package = 315DAF172A923F38006C81BE /* XCRemoteSwiftPackageReference "GoogleSignIn-iOS" */;
			productName = GoogleSignIn;
		};
		315DAF1A2A923F38006C81BE /* GoogleSignInSwift */ = {
			isa = XCSwiftPackageProductDependency;
			package = 315DAF172A923F38006C81BE /* XCRemoteSwiftPackageReference "GoogleSignIn-iOS" */;
			productName = GoogleSignInSwift;
		};
/* End XCSwiftPackageProductDependency section */

/* Begin XCVersionGroup section */
		28997E792A73F00300ED676C /* CoreDataModel.xcdatamodeld */ = {
			isa = XCVersionGroup;
			children = (
				28997E7A2A73F00300ED676C /* Model.xcdatamodel */,
			);
			currentVersion = 28997E7A2A73F00300ED676C /* Model.xcdatamodel */;
			path = CoreDataModel.xcdatamodeld;
			sourceTree = "<group>";
			versionGroupType = wrapper.xcdatamodel;
		};
/* End XCVersionGroup section */
	};
	rootObject = 28C364412A5FD58E00847A88 /* Project object */;
}
